
Microsoft Visual Studio Solution File, Format Version 12.00
# Visual Studio Version 17
VisualStudioVersion = 17.14.36327.8 d17.14
MinimumVisualStudioVersion = 10.0.40219.1
Project("{FAE04EC0-301F-11D3-BF4B-00C04F79EFBC}") = "API-ASP-Book", "API-ASP-Book\API-ASP-Book.csproj", "{77F8E1F0-4213-4D90-BBD3-6E869C66F583}"
EndProject
Global
	GlobalSection(SolutionConfigurationPlatforms) = preSolution
		Debug|Any CPU = Debug|Any CPU
		Release|Any CPU = Release|Any CPU
	EndGlobalSection
	GlobalSection(ProjectConfigurationPlatforms) = postSolution
		{77F8E1F0-4213-4D90-BBD3-6E869C66F583}.Debug|Any CPU.ActiveCfg = Debug|Any CPU
		{77F8E1F0-4213-4D90-BBD3-6E869C66F583}.Debug|Any CPU.Build.0 = Debug|Any CPU
		{77F8E1F0-4213-4D90-BBD3-6E869C66F583}.Release|Any CPU.ActiveCfg = Release|Any CPU
		{77F8E1F0-4213-4D90-BBD3-6E869C66F583}.Release|Any CPU.Build.0 = Release|Any CPU
	EndGlobalSection
	GlobalSection(SolutionProperties) = preSolution
		HideSolutionNode = FALSE
	EndGlobalSection
	GlobalSection(ExtensibilityGlobals) = postSolution
		SolutionGuid = {54FF3DC0-E0F6-4CB2-B95B-D314B25FC7B3}
	EndGlobalSection
EndGlobal
